
Microsoft Visual Studio Solution File, Format Version 12.00
# Visual Studio 15
VisualStudioVersion = 15.0.26124.0
MinimumVisualStudioVersion = 15.0.26124.0
Project("{FAE04EC0-301F-11D3-BF4B-00C04F79EFBC}") = "Maw.Data", "src\Maw.Data\Maw.Data.csproj", "{CC818744-3BE7-48C3-A36D-903558EECB59}"
EndProject
Project("{FAE04EC0-301F-11D3-BF4B-00C04F79EFBC}") = "Maw.Domain", "src\Maw.Domain\Maw.Domain.csproj", "{AF919C4F-A491-4FA4-9025-BB41512B3E19}"
EndProject
Project("{FAE04EC0-301F-11D3-BF4B-00C04F79EFBC}") = "auth", "src\auth\auth.csproj", "{572745D7-AB33-4388-A8F6-190A8F51B4C7}"
EndProject
Project("{FAE04EC0-301F-11D3-BF4B-00C04F79EFBC}") = "api", "src\api\api.csproj", "{07D37F58-31ED-4151-BF9F-34254B140913}"
EndProject
Project("{FAE04EC0-301F-11D3-BF4B-00C04F79EFBC}") = "www", "src\www\www.csproj", "{16B14B5C-FF46-4816-BD23-AED134C61C96}"
EndProject
Project("{FAE04EC0-301F-11D3-BF4B-00C04F79EFBC}") = "Maw.Security", "src\Maw.Security\Maw.Security.csproj", "{88DB27C6-67AE-4B06-A7E2-AA78D7FE0FF8}"
EndProject
Project("{FAE04EC0-301F-11D3-BF4B-00C04F79EFBC}") = "Maw.TagHelpers", "src\Maw.TagHelpers\Maw.TagHelpers.csproj", "{DB3D943C-7D97-4F69-871B-5E5BA51336C0}"
EndProject
Project("{FAE04EC0-301F-11D3-BF4B-00C04F79EFBC}") = "Mvc.RenderViewToString", "src\Mvc.RenderViewToString\Mvc.RenderViewToString.csproj", "{5E1232CF-0D2D-49C0-9A4D-E21C5E51E4D5}"
EndProject
Project("{FAE04EC0-301F-11D3-BF4B-00C04F79EFBC}") = "Maw.Data.Tests", "tests\Maw.Data.Tests\Maw.Data.Tests.csproj", "{BF2310ED-0DF6-467B-9CDF-5E06D828FA9A}"
EndProject
Global
	GlobalSection(SolutionConfigurationPlatforms) = preSolution
		Debug|Any CPU = Debug|Any CPU
		Debug|x64 = Debug|x64
		Debug|x86 = Debug|x86
		Release|Any CPU = Release|Any CPU
		Release|x64 = Release|x64
		Release|x86 = Release|x86
	EndGlobalSection
	GlobalSection(SolutionProperties) = preSolution
		HideSolutionNode = FALSE
	EndGlobalSection
	GlobalSection(ProjectConfigurationPlatforms) = postSolution
		{CC818744-3BE7-48C3-A36D-903558EECB59}.Debug|Any CPU.ActiveCfg = Debug|Any CPU
		{CC818744-3BE7-48C3-A36D-903558EECB59}.Debug|Any CPU.Build.0 = Debug|Any CPU
		{CC818744-3BE7-48C3-A36D-903558EECB59}.Debug|x64.ActiveCfg = Debug|x64
		{CC818744-3BE7-48C3-A36D-903558EECB59}.Debug|x64.Build.0 = Debug|x64
		{CC818744-3BE7-48C3-A36D-903558EECB59}.Debug|x86.ActiveCfg = Debug|x86
		{CC818744-3BE7-48C3-A36D-903558EECB59}.Debug|x86.Build.0 = Debug|x86
		{CC818744-3BE7-48C3-A36D-903558EECB59}.Release|Any CPU.ActiveCfg = Release|Any CPU
		{CC818744-3BE7-48C3-A36D-903558EECB59}.Release|Any CPU.Build.0 = Release|Any CPU
		{CC818744-3BE7-48C3-A36D-903558EECB59}.Release|x64.ActiveCfg = Release|x64
		{CC818744-3BE7-48C3-A36D-903558EECB59}.Release|x64.Build.0 = Release|x64
		{CC818744-3BE7-48C3-A36D-903558EECB59}.Release|x86.ActiveCfg = Release|x86
		{CC818744-3BE7-48C3-A36D-903558EECB59}.Release|x86.Build.0 = Release|x86
		{AF919C4F-A491-4FA4-9025-BB41512B3E19}.Debug|Any CPU.ActiveCfg = Debug|Any CPU
		{AF919C4F-A491-4FA4-9025-BB41512B3E19}.Debug|Any CPU.Build.0 = Debug|Any CPU
		{AF919C4F-A491-4FA4-9025-BB41512B3E19}.Debug|x64.ActiveCfg = Debug|x64
		{AF919C4F-A491-4FA4-9025-BB41512B3E19}.Debug|x64.Build.0 = Debug|x64
		{AF919C4F-A491-4FA4-9025-BB41512B3E19}.Debug|x86.ActiveCfg = Debug|x86
		{AF919C4F-A491-4FA4-9025-BB41512B3E19}.Debug|x86.Build.0 = Debug|x86
		{AF919C4F-A491-4FA4-9025-BB41512B3E19}.Release|Any CPU.ActiveCfg = Release|Any CPU
		{AF919C4F-A491-4FA4-9025-BB41512B3E19}.Release|Any CPU.Build.0 = Release|Any CPU
		{AF919C4F-A491-4FA4-9025-BB41512B3E19}.Release|x64.ActiveCfg = Release|x64
		{AF919C4F-A491-4FA4-9025-BB41512B3E19}.Release|x64.Build.0 = Release|x64
		{AF919C4F-A491-4FA4-9025-BB41512B3E19}.Release|x86.ActiveCfg = Release|x86
		{AF919C4F-A491-4FA4-9025-BB41512B3E19}.Release|x86.Build.0 = Release|x86
		{16B14B5C-FF46-4816-BD23-AED134C61C96}.Debug|Any CPU.ActiveCfg = Debug|Any CPU
		{16B14B5C-FF46-4816-BD23-AED134C61C96}.Debug|Any CPU.Build.0 = Debug|Any CPU
		{16B14B5C-FF46-4816-BD23-AED134C61C96}.Debug|x64.ActiveCfg = Debug|x64
		{16B14B5C-FF46-4816-BD23-AED134C61C96}.Debug|x64.Build.0 = Debug|x64
		{16B14B5C-FF46-4816-BD23-AED134C61C96}.Debug|x86.ActiveCfg = Debug|x86
		{16B14B5C-FF46-4816-BD23-AED134C61C96}.Debug|x86.Build.0 = Debug|x86
		{16B14B5C-FF46-4816-BD23-AED134C61C96}.Release|Any CPU.ActiveCfg = Release|Any CPU
		{16B14B5C-FF46-4816-BD23-AED134C61C96}.Release|Any CPU.Build.0 = Release|Any CPU
		{16B14B5C-FF46-4816-BD23-AED134C61C96}.Release|x64.ActiveCfg = Release|x64
		{16B14B5C-FF46-4816-BD23-AED134C61C96}.Release|x64.Build.0 = Release|x64
		{16B14B5C-FF46-4816-BD23-AED134C61C96}.Release|x86.ActiveCfg = Release|x86
		{16B14B5C-FF46-4816-BD23-AED134C61C96}.Release|x86.Build.0 = Release|x86
		{572745D7-AB33-4388-A8F6-190A8F51B4C7}.Debug|Any CPU.ActiveCfg = Debug|Any CPU
		{572745D7-AB33-4388-A8F6-190A8F51B4C7}.Debug|Any CPU.Build.0 = Debug|Any CPU
		{572745D7-AB33-4388-A8F6-190A8F51B4C7}.Debug|x64.ActiveCfg = Debug|x64
		{572745D7-AB33-4388-A8F6-190A8F51B4C7}.Debug|x64.Build.0 = Debug|x64
		{572745D7-AB33-4388-A8F6-190A8F51B4C7}.Debug|x86.ActiveCfg = Debug|x86
		{572745D7-AB33-4388-A8F6-190A8F51B4C7}.Debug|x86.Build.0 = Debug|x86
		{572745D7-AB33-4388-A8F6-190A8F51B4C7}.Release|Any CPU.ActiveCfg = Release|Any CPU
		{572745D7-AB33-4388-A8F6-190A8F51B4C7}.Release|Any CPU.Build.0 = Release|Any CPU
		{572745D7-AB33-4388-A8F6-190A8F51B4C7}.Release|x64.ActiveCfg = Release|x64
		{572745D7-AB33-4388-A8F6-190A8F51B4C7}.Release|x64.Build.0 = Release|x64
		{572745D7-AB33-4388-A8F6-190A8F51B4C7}.Release|x86.ActiveCfg = Release|x86
		{572745D7-AB33-4388-A8F6-190A8F51B4C7}.Release|x86.Build.0 = Release|x86
		{07D37F58-31ED-4151-BF9F-34254B140913}.Debug|Any CPU.ActiveCfg = Debug|Any CPU
		{07D37F58-31ED-4151-BF9F-34254B140913}.Debug|Any CPU.Build.0 = Debug|Any CPU
		{07D37F58-31ED-4151-BF9F-34254B140913}.Debug|x64.ActiveCfg = Debug|x64
		{07D37F58-31ED-4151-BF9F-34254B140913}.Debug|x64.Build.0 = Debug|x64
		{07D37F58-31ED-4151-BF9F-34254B140913}.Debug|x86.ActiveCfg = Debug|x86
		{07D37F58-31ED-4151-BF9F-34254B140913}.Debug|x86.Build.0 = Debug|x86
		{07D37F58-31ED-4151-BF9F-34254B140913}.Release|Any CPU.ActiveCfg = Release|Any CPU
		{07D37F58-31ED-4151-BF9F-34254B140913}.Release|Any CPU.Build.0 = Release|Any CPU
		{07D37F58-31ED-4151-BF9F-34254B140913}.Release|x64.ActiveCfg = Release|x64
		{07D37F58-31ED-4151-BF9F-34254B140913}.Release|x64.Build.0 = Release|x64
		{07D37F58-31ED-4151-BF9F-34254B140913}.Release|x86.ActiveCfg = Release|x86
		{07D37F58-31ED-4151-BF9F-34254B140913}.Release|x86.Build.0 = Release|x86
		{88DB27C6-67AE-4B06-A7E2-AA78D7FE0FF8}.Debug|Any CPU.ActiveCfg = Debug|Any CPU
		{88DB27C6-67AE-4B06-A7E2-AA78D7FE0FF8}.Debug|Any CPU.Build.0 = Debug|Any CPU
		{88DB27C6-67AE-4B06-A7E2-AA78D7FE0FF8}.Debug|x64.ActiveCfg = Debug|x64
		{88DB27C6-67AE-4B06-A7E2-AA78D7FE0FF8}.Debug|x64.Build.0 = Debug|x64
		{88DB27C6-67AE-4B06-A7E2-AA78D7FE0FF8}.Debug|x86.ActiveCfg = Debug|x86
		{88DB27C6-67AE-4B06-A7E2-AA78D7FE0FF8}.Debug|x86.Build.0 = Debug|x86
		{88DB27C6-67AE-4B06-A7E2-AA78D7FE0FF8}.Release|Any CPU.ActiveCfg = Release|Any CPU
		{88DB27C6-67AE-4B06-A7E2-AA78D7FE0FF8}.Release|Any CPU.Build.0 = Release|Any CPU
		{88DB27C6-67AE-4B06-A7E2-AA78D7FE0FF8}.Release|x64.ActiveCfg = Release|x64
		{88DB27C6-67AE-4B06-A7E2-AA78D7FE0FF8}.Release|x64.Build.0 = Release|x64
		{88DB27C6-67AE-4B06-A7E2-AA78D7FE0FF8}.Release|x86.ActiveCfg = Release|x86
		{88DB27C6-67AE-4B06-A7E2-AA78D7FE0FF8}.Release|x86.Build.0 = Release|x86
		{DB3D943C-7D97-4F69-871B-5E5BA51336C0}.Debug|Any CPU.ActiveCfg = Debug|Any CPU
		{DB3D943C-7D97-4F69-871B-5E5BA51336C0}.Debug|Any CPU.Build.0 = Debug|Any CPU
		{DB3D943C-7D97-4F69-871B-5E5BA51336C0}.Debug|x64.ActiveCfg = Debug|Any CPU
		{DB3D943C-7D97-4F69-871B-5E5BA51336C0}.Debug|x64.Build.0 = Debug|Any CPU
		{DB3D943C-7D97-4F69-871B-5E5BA51336C0}.Debug|x86.ActiveCfg = Debug|Any CPU
		{DB3D943C-7D97-4F69-871B-5E5BA51336C0}.Debug|x86.Build.0 = Debug|Any CPU
		{DB3D943C-7D97-4F69-871B-5E5BA51336C0}.Release|Any CPU.ActiveCfg = Release|Any CPU
		{DB3D943C-7D97-4F69-871B-5E5BA51336C0}.Release|Any CPU.Build.0 = Release|Any CPU
		{DB3D943C-7D97-4F69-871B-5E5BA51336C0}.Release|x64.ActiveCfg = Release|Any CPU
		{DB3D943C-7D97-4F69-871B-5E5BA51336C0}.Release|x64.Build.0 = Release|Any CPU
		{DB3D943C-7D97-4F69-871B-5E5BA51336C0}.Release|x86.ActiveCfg = Release|Any CPU
		{DB3D943C-7D97-4F69-871B-5E5BA51336C0}.Release|x86.Build.0 = Release|Any CPU
		{5E1232CF-0D2D-49C0-9A4D-E21C5E51E4D5}.Debug|Any CPU.ActiveCfg = Debug|Any CPU
		{5E1232CF-0D2D-49C0-9A4D-E21C5E51E4D5}.Debug|Any CPU.Build.0 = Debug|Any CPU
		{5E1232CF-0D2D-49C0-9A4D-E21C5E51E4D5}.Debug|x64.ActiveCfg = Debug|Any CPU
		{5E1232CF-0D2D-49C0-9A4D-E21C5E51E4D5}.Debug|x64.Build.0 = Debug|Any CPU
		{5E1232CF-0D2D-49C0-9A4D-E21C5E51E4D5}.Debug|x86.ActiveCfg = Debug|Any CPU
		{5E1232CF-0D2D-49C0-9A4D-E21C5E51E4D5}.Debug|x86.Build.0 = Debug|Any CPU
		{5E1232CF-0D2D-49C0-9A4D-E21C5E51E4D5}.Release|Any CPU.ActiveCfg = Release|Any CPU
		{5E1232CF-0D2D-49C0-9A4D-E21C5E51E4D5}.Release|Any CPU.Build.0 = Release|Any CPU
		{5E1232CF-0D2D-49C0-9A4D-E21C5E51E4D5}.Release|x64.ActiveCfg = Release|Any CPU
		{5E1232CF-0D2D-49C0-9A4D-E21C5E51E4D5}.Release|x64.Build.0 = Release|Any CPU
		{5E1232CF-0D2D-49C0-9A4D-E21C5E51E4D5}.Release|x86.ActiveCfg = Release|Any CPU
		{5E1232CF-0D2D-49C0-9A4D-E21C5E51E4D5}.Release|x86.Build.0 = Release|Any CPU
		{BF2310ED-0DF6-467B-9CDF-5E06D828FA9A}.Debug|Any CPU.ActiveCfg = Debug|Any CPU
		{BF2310ED-0DF6-467B-9CDF-5E06D828FA9A}.Debug|Any CPU.Build.0 = Debug|Any CPU
		{BF2310ED-0DF6-467B-9CDF-5E06D828FA9A}.Debug|x64.ActiveCfg = Debug|Any CPU
		{BF2310ED-0DF6-467B-9CDF-5E06D828FA9A}.Debug|x64.Build.0 = Debug|Any CPU
		{BF2310ED-0DF6-467B-9CDF-5E06D828FA9A}.Debug|x86.ActiveCfg = Debug|Any CPU
		{BF2310ED-0DF6-467B-9CDF-5E06D828FA9A}.Debug|x86.Build.0 = Debug|Any CPU
		{BF2310ED-0DF6-467B-9CDF-5E06D828FA9A}.Release|Any CPU.ActiveCfg = Release|Any CPU
		{BF2310ED-0DF6-467B-9CDF-5E06D828FA9A}.Release|Any CPU.Build.0 = Release|Any CPU
		{BF2310ED-0DF6-467B-9CDF-5E06D828FA9A}.Release|x64.ActiveCfg = Release|Any CPU
		{BF2310ED-0DF6-467B-9CDF-5E06D828FA9A}.Release|x64.Build.0 = Release|Any CPU
		{BF2310ED-0DF6-467B-9CDF-5E06D828FA9A}.Release|x86.ActiveCfg = Release|Any CPU
		{BF2310ED-0DF6-467B-9CDF-5E06D828FA9A}.Release|x86.Build.0 = Release|Any CPU
	EndGlobalSection
EndGlobal
