
Microsoft Visual Studio Solution File, Format Version 12.00
# Visual Studio 15
VisualStudioVersion = 15.0.26124.0
MinimumVisualStudioVersion = 15.0.26124.0
Project("{FAE04EC0-301F-11D3-BF4B-00C04F79EFBC}") = "Maw.Data", "src\Maw.Data\Maw.Data.csproj", "{CC818744-3BE7-48C3-A36D-903558EECB59}"
EndProject
Project("{FAE04EC0-301F-11D3-BF4B-00C04F79EFBC}") = "Maw.Domain", "src\Maw.Domain\Maw.Domain.csproj", "{AF919C4F-A491-4FA4-9025-BB41512B3E19}"
EndProject
Project("{FAE04EC0-301F-11D3-BF4B-00C04F79EFBC}") = "auth", "src\auth\auth.csproj", "{572745D7-AB33-4388-A8F6-190A8F51B4C7}"
EndProject
Project("{FAE04EC0-301F-11D3-BF4B-00C04F79EFBC}") = "api", "src\api\api.csproj", "{07D37F58-31ED-4151-BF9F-34254B140913}"
EndProject
Project("{FAE04EC0-301F-11D3-BF4B-00C04F79EFBC}") = "www", "src\www\www.csproj", "{16B14B5C-FF46-4816-BD23-AED134C61C96}"
EndProject
Project("{2150E333-8FDC-42A3-9474-1A3956D46DE8}") = "src", "src", "{46A5FBFF-AB3B-4E78-9A70-4A787233554B}"
EndProject
Project("{FAE04EC0-301F-11D3-BF4B-00C04F79EFBC}") = "Maw.Security", "src\Maw.Security\Maw.Security.csproj", "{88DB27C6-67AE-4B06-A7E2-AA78D7FE0FF8}"
EndProject
Global
	GlobalSection(SolutionConfigurationPlatforms) = preSolution
		Debug|Any CPU = Debug|Any CPU
		Debug|x64 = Debug|x64
		Debug|x86 = Debug|x86
		Release|Any CPU = Release|Any CPU
		Release|x64 = Release|x64
		Release|x86 = Release|x86
	EndGlobalSection
	GlobalSection(SolutionProperties) = preSolution
		HideSolutionNode = FALSE
	EndGlobalSection
	GlobalSection(ProjectConfigurationPlatforms) = postSolution
		{CC818744-3BE7-48C3-A36D-903558EECB59}.Debug|Any CPU.ActiveCfg = Debug|Any CPU
		{CC818744-3BE7-48C3-A36D-903558EECB59}.Debug|Any CPU.Build.0 = Debug|Any CPU
		{CC818744-3BE7-48C3-A36D-903558EECB59}.Debug|x64.ActiveCfg = Debug|x64
		{CC818744-3BE7-48C3-A36D-903558EECB59}.Debug|x64.Build.0 = Debug|x64
		{CC818744-3BE7-48C3-A36D-903558EECB59}.Debug|x86.ActiveCfg = Debug|x86
		{CC818744-3BE7-48C3-A36D-903558EECB59}.Debug|x86.Build.0 = Debug|x86
		{CC818744-3BE7-48C3-A36D-903558EECB59}.Release|Any CPU.ActiveCfg = Release|Any CPU
		{CC818744-3BE7-48C3-A36D-903558EECB59}.Release|Any CPU.Build.0 = Release|Any CPU
		{CC818744-3BE7-48C3-A36D-903558EECB59}.Release|x64.ActiveCfg = Release|x64
		{CC818744-3BE7-48C3-A36D-903558EECB59}.Release|x64.Build.0 = Release|x64
		{CC818744-3BE7-48C3-A36D-903558EECB59}.Release|x86.ActiveCfg = Release|x86
		{CC818744-3BE7-48C3-A36D-903558EECB59}.Release|x86.Build.0 = Release|x86
		{AF919C4F-A491-4FA4-9025-BB41512B3E19}.Debug|Any CPU.ActiveCfg = Debug|Any CPU
		{AF919C4F-A491-4FA4-9025-BB41512B3E19}.Debug|Any CPU.Build.0 = Debug|Any CPU
		{AF919C4F-A491-4FA4-9025-BB41512B3E19}.Debug|x64.ActiveCfg = Debug|x64
		{AF919C4F-A491-4FA4-9025-BB41512B3E19}.Debug|x64.Build.0 = Debug|x64
		{AF919C4F-A491-4FA4-9025-BB41512B3E19}.Debug|x86.ActiveCfg = Debug|x86
		{AF919C4F-A491-4FA4-9025-BB41512B3E19}.Debug|x86.Build.0 = Debug|x86
		{AF919C4F-A491-4FA4-9025-BB41512B3E19}.Release|Any CPU.ActiveCfg = Release|Any CPU
		{AF919C4F-A491-4FA4-9025-BB41512B3E19}.Release|Any CPU.Build.0 = Release|Any CPU
		{AF919C4F-A491-4FA4-9025-BB41512B3E19}.Release|x64.ActiveCfg = Release|x64
		{AF919C4F-A491-4FA4-9025-BB41512B3E19}.Release|x64.Build.0 = Release|x64
		{AF919C4F-A491-4FA4-9025-BB41512B3E19}.Release|x86.ActiveCfg = Release|x86
		{AF919C4F-A491-4FA4-9025-BB41512B3E19}.Release|x86.Build.0 = Release|x86
		{16B14B5C-FF46-4816-BD23-AED134C61C96}.Debug|Any CPU.ActiveCfg = Debug|Any CPU
		{16B14B5C-FF46-4816-BD23-AED134C61C96}.Debug|Any CPU.Build.0 = Debug|Any CPU
		{16B14B5C-FF46-4816-BD23-AED134C61C96}.Debug|x64.ActiveCfg = Debug|x64
		{16B14B5C-FF46-4816-BD23-AED134C61C96}.Debug|x64.Build.0 = Debug|x64
		{16B14B5C-FF46-4816-BD23-AED134C61C96}.Debug|x86.ActiveCfg = Debug|x86
		{16B14B5C-FF46-4816-BD23-AED134C61C96}.Debug|x86.Build.0 = Debug|x86
		{16B14B5C-FF46-4816-BD23-AED134C61C96}.Release|Any CPU.ActiveCfg = Release|Any CPU
		{16B14B5C-FF46-4816-BD23-AED134C61C96}.Release|Any CPU.Build.0 = Release|Any CPU
		{16B14B5C-FF46-4816-BD23-AED134C61C96}.Release|x64.ActiveCfg = Release|x64
		{16B14B5C-FF46-4816-BD23-AED134C61C96}.Release|x64.Build.0 = Release|x64
		{16B14B5C-FF46-4816-BD23-AED134C61C96}.Release|x86.ActiveCfg = Release|x86
		{16B14B5C-FF46-4816-BD23-AED134C61C96}.Release|x86.Build.0 = Release|x86
		{572745D7-AB33-4388-A8F6-190A8F51B4C7}.Debug|Any CPU.ActiveCfg = Debug|Any CPU
		{572745D7-AB33-4388-A8F6-190A8F51B4C7}.Debug|Any CPU.Build.0 = Debug|Any CPU
		{572745D7-AB33-4388-A8F6-190A8F51B4C7}.Debug|x64.ActiveCfg = Debug|x64
		{572745D7-AB33-4388-A8F6-190A8F51B4C7}.Debug|x64.Build.0 = Debug|x64
		{572745D7-AB33-4388-A8F6-190A8F51B4C7}.Debug|x86.ActiveCfg = Debug|x86
		{572745D7-AB33-4388-A8F6-190A8F51B4C7}.Debug|x86.Build.0 = Debug|x86
		{572745D7-AB33-4388-A8F6-190A8F51B4C7}.Release|Any CPU.ActiveCfg = Release|Any CPU
		{572745D7-AB33-4388-A8F6-190A8F51B4C7}.Release|Any CPU.Build.0 = Release|Any CPU
		{572745D7-AB33-4388-A8F6-190A8F51B4C7}.Release|x64.ActiveCfg = Release|x64
		{572745D7-AB33-4388-A8F6-190A8F51B4C7}.Release|x64.Build.0 = Release|x64
		{572745D7-AB33-4388-A8F6-190A8F51B4C7}.Release|x86.ActiveCfg = Release|x86
		{572745D7-AB33-4388-A8F6-190A8F51B4C7}.Release|x86.Build.0 = Release|x86
		{07D37F58-31ED-4151-BF9F-34254B140913}.Debug|Any CPU.ActiveCfg = Debug|Any CPU
		{07D37F58-31ED-4151-BF9F-34254B140913}.Debug|Any CPU.Build.0 = Debug|Any CPU
		{07D37F58-31ED-4151-BF9F-34254B140913}.Debug|x64.ActiveCfg = Debug|x64
		{07D37F58-31ED-4151-BF9F-34254B140913}.Debug|x64.Build.0 = Debug|x64
		{07D37F58-31ED-4151-BF9F-34254B140913}.Debug|x86.ActiveCfg = Debug|x86
		{07D37F58-31ED-4151-BF9F-34254B140913}.Debug|x86.Build.0 = Debug|x86
		{07D37F58-31ED-4151-BF9F-34254B140913}.Release|Any CPU.ActiveCfg = Release|Any CPU
		{07D37F58-31ED-4151-BF9F-34254B140913}.Release|Any CPU.Build.0 = Release|Any CPU
		{07D37F58-31ED-4151-BF9F-34254B140913}.Release|x64.ActiveCfg = Release|x64
		{07D37F58-31ED-4151-BF9F-34254B140913}.Release|x64.Build.0 = Release|x64
		{07D37F58-31ED-4151-BF9F-34254B140913}.Release|x86.ActiveCfg = Release|x86
		{07D37F58-31ED-4151-BF9F-34254B140913}.Release|x86.Build.0 = Release|x86
		{88DB27C6-67AE-4B06-A7E2-AA78D7FE0FF8}.Debug|Any CPU.ActiveCfg = Debug|Any CPU
		{88DB27C6-67AE-4B06-A7E2-AA78D7FE0FF8}.Debug|Any CPU.Build.0 = Debug|Any CPU
		{88DB27C6-67AE-4B06-A7E2-AA78D7FE0FF8}.Debug|x64.ActiveCfg = Debug|x64
		{88DB27C6-67AE-4B06-A7E2-AA78D7FE0FF8}.Debug|x64.Build.0 = Debug|x64
		{88DB27C6-67AE-4B06-A7E2-AA78D7FE0FF8}.Debug|x86.ActiveCfg = Debug|x86
		{88DB27C6-67AE-4B06-A7E2-AA78D7FE0FF8}.Debug|x86.Build.0 = Debug|x86
		{88DB27C6-67AE-4B06-A7E2-AA78D7FE0FF8}.Release|Any CPU.ActiveCfg = Release|Any CPU
		{88DB27C6-67AE-4B06-A7E2-AA78D7FE0FF8}.Release|Any CPU.Build.0 = Release|Any CPU
		{88DB27C6-67AE-4B06-A7E2-AA78D7FE0FF8}.Release|x64.ActiveCfg = Release|x64
		{88DB27C6-67AE-4B06-A7E2-AA78D7FE0FF8}.Release|x64.Build.0 = Release|x64
		{88DB27C6-67AE-4B06-A7E2-AA78D7FE0FF8}.Release|x86.ActiveCfg = Release|x86
		{88DB27C6-67AE-4B06-A7E2-AA78D7FE0FF8}.Release|x86.Build.0 = Release|x86
	EndGlobalSection
	GlobalSection(NestedProjects) = preSolution
		{88DB27C6-67AE-4B06-A7E2-AA78D7FE0FF8} = {46A5FBFF-AB3B-4E78-9A70-4A787233554B}
	EndGlobalSection
EndGlobal
